# THIS IS AN AUTOGENERATED FILE. DO NOT EDIT THIS FILE DIRECTLY.
# yarn lockfile v1


automerge@^0.7.1:
  version "0.7.1"
  resolved "https://registry.yarnpkg.com/automerge/-/automerge-0.7.1.tgz#a0419e6d5f1c467f036400f67098be09a85a6d65"
  dependencies:
    immutable "^3.8.1"
    transit-immutable-js "^0.7.0"
    transit-js "^0.8.846"
    uuid "^3.1.0"

immutable@^3.8.1:
  version "3.8.2"
  resolved "https://registry.yarnpkg.com/immutable/-/immutable-3.8.2.tgz#c2439951455bb39913daf281376f1530e104adf3"

transit-immutable-js@^0.7.0:
  version "0.7.0"
  resolved "https://registry.yarnpkg.com/transit-immutable-js/-/transit-immutable-js-0.7.0.tgz#993e25089b6311ff402140f556276d6d253005d9"

transit-js@^0.8.846:
  version "0.8.846"
  resolved "https://registry.yarnpkg.com/transit-js/-/transit-js-0.8.846.tgz#76e06e8f0e6be27675e3442112f5c9bb75343464"

uuid@^3.1.0:
  version "3.2.1"
  resolved "https://registry.yarnpkg.com/uuid/-/uuid-3.2.1.tgz#12c528bb9d58d0b9265d9a2f6f0fe8be17ff1f14"
